
Microsoft Visual Studio Solution File, Format Version 12.00
# Visual Studio Version 16
VisualStudioVersion = 16.0.33130.400
MinimumVisualStudioVersion = 10.0.40219.1
Project("{FAE04EC0-301F-11D3-BF4B-00C04F79EFBC}") = "odevWeb", "odevWeb\odevWeb.csproj", "{DACC963B-A56E-47BD-8647-04CC888223B6}"
EndProject
Global
	GlobalSection(SolutionConfigurationPlatforms) = preSolution
		Debug|Any CPU = Debug|Any CPU
		Release|Any CPU = Release|Any CPU
	EndGlobalSection
	GlobalSection(ProjectConfigurationPlatforms) = postSolution
		{DACC963B-A56E-47BD-8647-04CC888223B6}.Debug|Any CPU.ActiveCfg = Debug|Any CPU
		{DACC963B-A56E-47BD-8647-04CC888223B6}.Debug|Any CPU.Build.0 = Debug|Any CPU
		{DACC963B-A56E-47BD-8647-04CC888223B6}.Release|Any CPU.ActiveCfg = Release|Any CPU
		{DACC963B-A56E-47BD-8647-04CC888223B6}.Release|Any CPU.Build.0 = Release|Any CPU
	EndGlobalSection
	GlobalSection(SolutionProperties) = preSolution
		HideSolutionNode = FALSE
	EndGlobalSection
	GlobalSection(ExtensibilityGlobals) = postSolution
		SolutionGuid = {E40B9531-BD3A-4329-8A58-A39A889D48C8}
	EndGlobalSection
EndGlobal
